
Microsoft Visual Studio Solution File, Format Version 12.00
# Visual Studio Version 17
VisualStudioVersion = 17.1.32328.378
MinimumVisualStudioVersion = 10.0.40219.1
Project("{FAE04EC0-301F-11D3-BF4B-00C04F79EFBC}") = "HidraPark", "HidraPark\HidraPark.csproj", "{C1B6E524-C4F5-4B7E-9311-E3ABB60795E4}"
EndProject
Global
	GlobalSection(SolutionConfigurationPlatforms) = preSolution
		Debug|Any CPU = Debug|Any CPU
		Release|Any CPU = Release|Any CPU
	EndGlobalSection
	GlobalSection(ProjectConfigurationPlatforms) = postSolution
		{C1B6E524-C4F5-4B7E-9311-E3ABB60795E4}.Debug|Any CPU.ActiveCfg = Debug|Any CPU
		{C1B6E524-C4F5-4B7E-9311-E3ABB60795E4}.Debug|Any CPU.Build.0 = Debug|Any CPU
		{C1B6E524-C4F5-4B7E-9311-E3ABB60795E4}.Release|Any CPU.ActiveCfg = Release|Any CPU
		{C1B6E524-C4F5-4B7E-9311-E3ABB60795E4}.Release|Any CPU.Build.0 = Release|Any CPU
	EndGlobalSection
	GlobalSection(SolutionProperties) = preSolution
		HideSolutionNode = FALSE
	EndGlobalSection
	GlobalSection(ExtensibilityGlobals) = postSolution
		SolutionGuid = {E781150A-A8D8-476D-98B7-7E400AF932F0}
	EndGlobalSection
EndGlobal
